
Microsoft Visual Studio Solution File, Format Version 12.00
# Visual Studio 15
VisualStudioVersion = 15.0.28307.902
MinimumVisualStudioVersion = 10.0.40219.1
Project("{FAE04EC0-301F-11D3-BF4B-00C04F79EFBC}") = "PromotionEngine", "PromotionEngine\PromotionEngine.csproj", "{3E9C5478-82E5-4467-AA34-F1802B36AF69}"
EndProject
Project("{FAE04EC0-301F-11D3-BF4B-00C04F79EFBC}") = "UnitTestProject", "UnitTestProject\UnitTestProject.csproj", "{1068E079-5C32-4BB2-94DA-05B7B19413B3}"
EndProject
Global
	GlobalSection(SolutionConfigurationPlatforms) = preSolution
		Debug|Any CPU = Debug|Any CPU
		Release|Any CPU = Release|Any CPU
	EndGlobalSection
	GlobalSection(ProjectConfigurationPlatforms) = postSolution
		{3E9C5478-82E5-4467-AA34-F1802B36AF69}.Debug|Any CPU.ActiveCfg = Debug|Any CPU
		{3E9C5478-82E5-4467-AA34-F1802B36AF69}.Debug|Any CPU.Build.0 = Debug|Any CPU
		{3E9C5478-82E5-4467-AA34-F1802B36AF69}.Release|Any CPU.ActiveCfg = Release|Any CPU
		{3E9C5478-82E5-4467-AA34-F1802B36AF69}.Release|Any CPU.Build.0 = Release|Any CPU
		{1068E079-5C32-4BB2-94DA-05B7B19413B3}.Debug|Any CPU.ActiveCfg = Debug|Any CPU
		{1068E079-5C32-4BB2-94DA-05B7B19413B3}.Debug|Any CPU.Build.0 = Debug|Any CPU
		{1068E079-5C32-4BB2-94DA-05B7B19413B3}.Release|Any CPU.ActiveCfg = Release|Any CPU
		{1068E079-5C32-4BB2-94DA-05B7B19413B3}.Release|Any CPU.Build.0 = Release|Any CPU
	EndGlobalSection
	GlobalSection(SolutionProperties) = preSolution
		HideSolutionNode = FALSE
	EndGlobalSection
	GlobalSection(ExtensibilityGlobals) = postSolution
		SolutionGuid = {5ACB410C-76DF-446D-AFB8-7A5E66AF13DC}
	EndGlobalSection
EndGlobal
